Microsoft Visual Studio Solution File, Format Version 12.00
# Visual Studio Version 17
VisualStudioVersion = 17.5.2.0
MinimumVisualStudioVersion = 10.0.40219.1
Project("{FAE04EC0-301F-11D3-BF4B-00C04F79EFBC}") = "DaprSessionBugRepro", "DaprSessionBugRepro.csproj", "{61A944E1-CB0F-11D8-B3A4-636D08D8EA9E}"
EndProject
Global
	GlobalSection(SolutionConfigurationPlatforms) = preSolution
		Debug|Any CPU = Debug|Any CPU
		Release|Any CPU = Release|Any CPU
	EndGlobalSection
	GlobalSection(ProjectConfigurationPlatforms) = postSolution
		{61A944E1-CB0F-11D8-B3A4-636D08D8EA9E}.Debug|Any CPU.ActiveCfg = Debug|Any CPU
		{61A944E1-CB0F-11D8-B3A4-636D08D8EA9E}.Debug|Any CPU.Build.0 = Debug|Any CPU
		{61A944E1-CB0F-11D8-B3A4-636D08D8EA9E}.Release|Any CPU.ActiveCfg = Release|Any CPU
		{61A944E1-CB0F-11D8-B3A4-636D08D8EA9E}.Release|Any CPU.Build.0 = Release|Any CPU
	EndGlobalSection
	GlobalSection(SolutionProperties) = preSolution
		HideSolutionNode = FALSE
	EndGlobalSection
	GlobalSection(ExtensibilityGlobals) = postSolution
		SolutionGuid = {14E351F6-2FD0-46EC-A39D-4BAD8A3693FB}
	EndGlobalSection
EndGlobal
